
Microsoft Visual Studio Solution File, Format Version 12.00
# Visual Studio Version 17
VisualStudioVersion = 17.7.34003.232
MinimumVisualStudioVersion = 10.0.40219.1
Project("{9A19103F-16F7-4668-BE54-9A1E7A4F7556}") = "OcelotWithConsul", "OcelotWithConsul\OcelotWithConsul.csproj", "{B309E8B7-3C81-4088-B45B-AC84041E6D6B}"
EndProject
Project("{9A19103F-16F7-4668-BE54-9A1E7A4F7556}") = "ValueService", "ValueService\ValueService.csproj", "{3361B2C7-466E-40D4-A19F-6058E6A476D6}"
EndProject
Project("{E53339B2-1760-4266-BCC7-CA923CBCF16C}") = "docker-compose", "docker-compose.dcproj", "{3D638ACE-8935-4625-829D-141827C96988}"
EndProject
Global
	GlobalSection(SolutionConfigurationPlatforms) = preSolution
		Debug|Any CPU = Debug|Any CPU
		Release|Any CPU = Release|Any CPU
	EndGlobalSection
	GlobalSection(ProjectConfigurationPlatforms) = postSolution
		{B309E8B7-3C81-4088-B45B-AC84041E6D6B}.Debug|Any CPU.ActiveCfg = Debug|Any CPU
		{B309E8B7-3C81-4088-B45B-AC84041E6D6B}.Debug|Any CPU.Build.0 = Debug|Any CPU
		{B309E8B7-3C81-4088-B45B-AC84041E6D6B}.Release|Any CPU.ActiveCfg = Release|Any CPU
		{B309E8B7-3C81-4088-B45B-AC84041E6D6B}.Release|Any CPU.Build.0 = Release|Any CPU
		{3361B2C7-466E-40D4-A19F-6058E6A476D6}.Debug|Any CPU.ActiveCfg = Debug|Any CPU
		{3361B2C7-466E-40D4-A19F-6058E6A476D6}.Debug|Any CPU.Build.0 = Debug|Any CPU
		{3361B2C7-466E-40D4-A19F-6058E6A476D6}.Release|Any CPU.ActiveCfg = Release|Any CPU
		{3361B2C7-466E-40D4-A19F-6058E6A476D6}.Release|Any CPU.Build.0 = Release|Any CPU
		{3D638ACE-8935-4625-829D-141827C96988}.Debug|Any CPU.ActiveCfg = Debug|Any CPU
		{3D638ACE-8935-4625-829D-141827C96988}.Debug|Any CPU.Build.0 = Debug|Any CPU
		{3D638ACE-8935-4625-829D-141827C96988}.Release|Any CPU.ActiveCfg = Release|Any CPU
		{3D638ACE-8935-4625-829D-141827C96988}.Release|Any CPU.Build.0 = Release|Any CPU
	EndGlobalSection
	GlobalSection(SolutionProperties) = preSolution
		HideSolutionNode = FALSE
	EndGlobalSection
	GlobalSection(ExtensibilityGlobals) = postSolution
		SolutionGuid = {B1B66834-75F8-4BD6-B4D8-BABE75502099}
	EndGlobalSection
EndGlobal
